// !$*UTF8*$!
{
	archiveVersion = 1;
	classes = {
	};
	objectVersion = 56;
	objects = {

/* Begin PBXBuildFile section */
		913EC6832A6731D400EE43C8 /* AppDelegate.swift in Sources */ = {isa = PBXBuildFile; fileRef = 913EC6822A6731D400EE43C8 /* AppDelegate.swift */; };
		913EC6852A6731D400EE43C8 /* SceneDelegate.swift in Sources */ = {isa = PBXBuildFile; fileRef = 913EC6842A6731D400EE43C8 /* SceneDelegate.swift */; };
		913EC6872A6731D400EE43C8 /* ViewController.swift in Sources */ = {isa = PBXBuildFile; fileRef = 913EC6862A6731D400EE43C8 /* ViewController.swift */; };
		913EC68A2A6731D400EE43C8 /* Main.storyboard in Resources */ = {isa = PBXBuildFile; fileRef = 913EC6882A6731D400EE43C8 /* Main.storyboard */; };
		913EC68C2A6731D500EE43C8 /* Assets.xcassets in Resources */ = {isa = PBXBuildFile; fileRef = 913EC68B2A6731D500EE43C8 /* Assets.xcassets */; };
		913EC68F2A6731D500EE43C8 /* LaunchScreen.storyboard in Resources */ = {isa = PBXBuildFile; fileRef = 913EC68D2A6731D500EE43C8 /* LaunchScreen.storyboard */; };
		913EC69A2A6731D500EE43C8 /* ToDoList_2_0Tests.swift in Sources */ = {isa = PBXBuildFile; fileRef = 913EC6992A6731D500EE43C8 /* ToDoList_2_0Tests.swift */; };
		913EC6A42A6731D500EE43C8 /* ToDoList_2_0UITests.swift in Sources */ = {isa = PBXBuildFile; fileRef = 913EC6A32A6731D500EE43C8 /* ToDoList_2_0UITests.swift */; };
		913EC6A62A6731D500EE43C8 /* ToDoList_2_0UITestsLaunchTests.swift in Sources */ = {isa = PBXBuildFile; fileRef = 913EC6A52A6731D500EE43C8 /* ToDoList_2_0UITestsLaunchTests.swift */; };
/* End PBXBuildFile section */

/* Begin PBXContainerItemProxy section */
		913EC6962A6731D500EE43C8 /* PBXContainerItemProxy */ = {
			isa = PBXContainerItemProxy;
			containerPortal = 913EC6772A6731D400EE43C8 /* Project object */;
			proxyType = 1;
			remoteGlobalIDString = 913EC67E2A6731D400EE43C8;
			remoteInfo = ToDoList_2.0;
		};
		913EC6A02A6731D500EE43C8 /* PBXContainerItemProxy */ = {
			isa = PBXContainerItemProxy;
			containerPortal = 913EC6772A6731D400EE43C8 /* Project object */;
			proxyType = 1;
			remoteGlobalIDString = 913EC67E2A6731D400EE43C8;
			remoteInfo = ToDoList_2.0;
		};
/* End PBXContainerItemProxy section */

/* Begin PBXFileReference section */
		913EC67F2A6731D400EE43C8 /* ToDoList_2.0.app */ = {isa = PBXFileReference; explicitFileType = wrapper.application; includeInIndex = 0; path = ToDoList_2.0.app; sourceTree = BUILT_PRODUCTS_DIR; };
		913EC6822A6731D400EE43C8 /* AppDelegate.swift */ = {isa = PBXFileReference; lastKnownFileType = sourcecode.swift; path = AppDelegate.swift; sourceTree = "<group>"; };
		913EC6842A6731D400EE43C8 /* SceneDelegate.swift */ = {isa = PBXFileReference; lastKnownFileType = sourcecode.swift; path = SceneDelegate.swift; sourceTree = "<group>"; };
		913EC6862A6731D400EE43C8 /* ViewController.swift */ = {isa = PBXFileReference; lastKnownFileType = sourcecode.swift; path = ViewController.swift; sourceTree = "<group>"; };
		913EC6892A6731D400EE43C8 /* Base */ = {isa = PBXFileReference; lastKnownFileType = file.storyboard; name = Base; path = Base.lproj/Main.storyboard; sourceTree = "<group>"; };
		913EC68B2A6731D500EE43C8 /* Assets.xcassets */ = {isa = PBXFileReference; lastKnownFileType = folder.assetcatalog; path = Assets.xcassets; sourceTree = "<group>"; };
		913EC68E2A6731D500EE43C8 /* Base */ = {isa = PBXFileReference; lastKnownFileType = file.storyboard; name = Base; path = Base.lproj/LaunchScreen.storyboard; sourceTree = "<group>"; };
		913EC6902A6731D500EE43C8 /* Info.plist */ = {isa = PBXFileReference; lastKnownFileType = text.plist.xml; path = Info.plist; sourceTree = "<group>"; };
		913EC6952A6731D500EE43C8 /* ToDoList_2.0Tests.xctest */ = {isa = PBXFileReference; explicitFileType = wrapper.cfbundle; includeInIndex = 0; path = ToDoList_2.0Tests.xctest; sourceTree = BUILT_PRODUCTS_DIR; };
		913EC6992A6731D500EE43C8 /* ToDoList_2_0Tests.swift */ = {isa = PBXFileReference; lastKnownFileType = sourcecode.swift; path = ToDoList_2_0Tests.swift; sourceTree = "<group>"; };
		913EC69F2A6731D500EE43C8 /* ToDoList_2.0UITests.xctest */ = {isa = PBXFileReference; explicitFileType = wrapper.cfbundle; includeInIndex = 0; path = ToDoList_2.0UITests.xctest; sourceTree = BUILT_PRODUCTS_DIR; };
		913EC6A32A6731D500EE43C8 /* ToDoList_2_0UITests.swift */ = {isa = PBXFileReference; lastKnownFileType = sourcecode.swift; path = ToDoList_2_0UITests.swift; sourceTree = "<group>"; };
		913EC6A52A6731D500EE43C8 /* ToDoList_2_0UITestsLaunchTests.swift */ = {isa = PBXFileReference; lastKnownFileType = sourcecode.swift; path = ToDoList_2_0UITestsLaunchTests.swift; sourceTree = "<group>"; };
/* End PBXFileReference section */

/* Begin PBXFrameworksBuildPhase section */
		913EC67C2A6731D400EE43C8 /* Frameworks */ = {
			isa = PBXFrameworksBuildPhase;
			buildActionMask = 2147483647;
			files = (
			);
			runOnlyForDeploymentPostprocessing = 0;
		};
		913EC6922A6731D500EE43C8 /* Frameworks */ = {
			isa = PBXFrameworksBuildPhase;
			buildActionMask = 2147483647;
			files = (
			);
			runOnlyForDeploymentPostprocessing = 0;
		};
		913EC69C2A6731D500EE43C8 /* Frameworks */ = {
			isa = PBXFrameworksBuildPhase;
			buildActionMask = 2147483647;
			files = (
			);
			runOnlyForDeploymentPostprocessing = 0;
		};
/* End PBXFrameworksBuildPhase section */

/* Begin PBXGroup section */
		913EC6762A6731D400EE43C8 = {
			isa = PBXGroup;
			children = (
				913EC6812A6731D400EE43C8 /* ToDoList_2.0 */,
				913EC6982A6731D500EE43C8 /* ToDoList_2.0Tests */,
				913EC6A22A6731D500EE43C8 /* ToDoList_2.0UITests */,
				913EC6802A6731D400EE43C8 /* Products */,
			);
			sourceTree = "<group>";
		};
		913EC6802A6731D400EE43C8 /* Products */ = {
			isa = PBXGroup;
			children = (
				913EC67F2A6731D400EE43C8 /* ToDoList_2.0.app */,
				913EC6952A6731D500EE43C8 /* ToDoList_2.0Tests.xctest */,
				913EC69F2A6731D500EE43C8 /* ToDoList_2.0UITests.xctest */,
			);
			name = Products;
			sourceTree = "<group>";
		};
		913EC6812A6731D400EE43C8 /* ToDoList_2.0 */ = {
			isa = PBXGroup;
			children = (
				913EC6822A6731D400EE43C8 /* AppDelegate.swift */,
				913EC6842A6731D400EE43C8 /* SceneDelegate.swift */,
				913EC6862A6731D400EE43C8 /* ViewController.swift */,
				913EC6882A6731D400EE43C8 /* Main.storyboard */,
				913EC68B2A6731D500EE43C8 /* Assets.xcassets */,
				913EC68D2A6731D500EE43C8 /* LaunchScreen.storyboard */,
				913EC6902A6731D500EE43C8 /* Info.plist */,
			);
			path = ToDoList_2.0;
			sourceTree = "<group>";
		};
		913EC6982A6731D500EE43C8 /* ToDoList_2.0Tests */ = {
			isa = PBXGroup;
			children = (
				913EC6992A6731D500EE43C8 /* ToDoList_2_0Tests.swift */,
			);
			path = ToDoList_2.0Tests;
			sourceTree = "<group>";
		};
		913EC6A22A6731D500EE43C8 /* ToDoList_2.0UITests */ = {
			isa = PBXGroup;
			children = (
				913EC6A32A6731D500EE43C8 /* ToDoList_2_0UITests.swift */,
				913EC6A52A6731D500EE43C8 /* ToDoList_2_0UITestsLaunchTests.swift */,
			);
			path = ToDoList_2.0UITests;
			sourceTree = "<group>";
		};
/* End PBXGroup section */

/* Begin PBXNativeTarget section */
		913EC67E2A6731D400EE43C8 /* ToDoList_2.0 */ = {
			isa = PBXNativeTarget;
			buildConfigurationList = 913EC6A92A6731D500EE43C8 /* Build configuration list for PBXNativeTarget "ToDoList_2.0" */;
			buildPhases = (
				913EC67B2A6731D400EE43C8 /* Sources */,
				913EC67C2A6731D400EE43C8 /* Frameworks */,
				913EC67D2A6731D400EE43C8 /* Resources */,
			);
			buildRules = (
			);
			dependencies = (
			);
			name = ToDoList_2.0;
			productName = ToDoList_2.0;
			productReference = 913EC67F2A6731D400EE43C8 /* ToDoList_2.0.app */;
			productType = "com.apple.product-type.application";
		};
		913EC6942A6731D500EE43C8 /* ToDoList_2.0Tests */ = {
			isa = PBXNativeTarget;
			buildConfigurationList = 913EC6AC2A6731D500EE43C8 /* Build configuration list for PBXNativeTarget "ToDoList_2.0Tests" */;
			buildPhases = (
				913EC6912A6731D500EE43C8 /* Sources */,
				913EC6922A6731D500EE43C8 /* Frameworks */,
				913EC6932A6731D500EE43C8 /* Resources */,
			);
			buildRules = (
			);
			dependencies = (
				913EC6972A6731D500EE43C8 /* PBXTargetDependency */,
			);
			name = ToDoList_2.0Tests;
			productName = ToDoList_2.0Tests;
			productReference = 913EC6952A6731D500EE43C8 /* ToDoList_2.0Tests.xctest */;
			productType = "com.apple.product-type.bundle.unit-test";
		};
		913EC69E2A6731D500EE43C8 /* ToDoList_2.0UITests */ = {
			isa = PBXNativeTarget;
			buildConfigurationList = 913EC6AF2A6731D500EE43C8 /* Build configuration list for PBXNativeTarget "ToDoList_2.0UITests" */;
			buildPhases = (
				913EC69B2A6731D500EE43C8 /* Sources */,
				913EC69C2A6731D500EE43C8 /* Frameworks */,
				913EC69D2A6731D500EE43C8 /* Resources */,
			);
			buildRules = (
			);
			dependencies = (
				913EC6A12A6731D500EE43C8 /* PBXTargetDependency */,
			);
			name = ToDoList_2.0UITests;
			productName = ToDoList_2.0UITests;
			productReference = 913EC69F2A6731D500EE43C8 /* ToDoList_2.0UITests.xctest */;
			productType = "com.apple.product-type.bundle.ui-testing";
		};
/* End PBXNativeTarget section */

/* Begin PBXProject section */
		913EC6772A6731D400EE43C8 /* Project object */ = {
			isa = PBXProject;
			attributes = {
				BuildIndependentTargetsInParallel = 1;
				LastSwiftUpdateCheck = 1430;
				LastUpgradeCheck = 1430;
				TargetAttributes = {
					913EC67E2A6731D400EE43C8 = {
						CreatedOnToolsVersion = 14.3.1;
					};
					913EC6942A6731D500EE43C8 = {
						CreatedOnToolsVersion = 14.3.1;
						TestTargetID = 913EC67E2A6731D400EE43C8;
					};
					913EC69E2A6731D500EE43C8 = {
						CreatedOnToolsVersion = 14.3.1;
						TestTargetID = 913EC67E2A6731D400EE43C8;
					};
				};
			};
			buildConfigurationList = 913EC67A2A6731D400EE43C8 /* Build configuration list for PBXProject "ToDoList_2.0" */;
			compatibilityVersion = "Xcode 14.0";
			developmentRegion = en;
			hasScannedForEncodings = 0;
			knownRegions = (
				en,
				Base,
			);
			mainGroup = 913EC6762A6731D400EE43C8;
			productRefGroup = 913EC6802A6731D400EE43C8 /* Products */;
			projectDirPath = "";
			projectRoot = "";
			targets = (
				913EC67E2A6731D400EE43C8 /* ToDoList_2.0 */,
				913EC6942A6731D500EE43C8 /* ToDoList_2.0Tests */,
				913EC69E2A6731D500EE43C8 /* ToDoList_2.0UITests */,
			);
		};
/* End PBXProject section */

/* Begin PBXResourcesBuildPhase section */
		913EC67D2A6731D400EE43C8 /* Resources */ = {
			isa = PBXResourcesBuildPhase;
			buildActionMask = 2147483647;
			files = (
				913EC68F2A6731D500EE43C8 /* LaunchScreen.storyboard in Resources */,
				913EC68C2A6731D500EE43C8 /* Assets.xcassets in Resources */,
				913EC68A2A6731D400EE43C8 /* Main.storyboard in Resources */,
			);
			runOnlyForDeploymentPostprocessing = 0;
		};
		913EC6932A6731D500EE43C8 /* Resources */ = {
			isa = PBXResourcesBuildPhase;
			buildActionMask = 2147483647;
			files = (
			);
			runOnlyForDeploymentPostprocessing = 0;
		};
		913EC69D2A6731D500EE43C8 /* Resources */ = {
			isa = PBXResourcesBuildPhase;
			buildActionMask = 2147483647;
			files = (
			);
			runOnlyForDeploymentPostprocessing = 0;
		};
/* End PBXResourcesBuildPhase section */

/* Begin PBXSourcesBuildPhase section */
		913EC67B2A6731D400EE43C8 /* Sources */ = {
			isa = PBXSourcesBuildPhase;
			buildActionMask = 2147483647;
			files = (
				913EC6872A6731D400EE43C8 /* ViewController.swift in Sources */,
				913EC6832A6731D400EE43C8 /* AppDelegate.swift in Sources */,
				913EC6852A6731D400EE43C8 /* SceneDelegate.swift in Sources */,
			);
			runOnlyForDeploymentPostprocessing = 0;
		};
		913EC6912A6731D500EE43C8 /* Sources */ = {
			isa = PBXSourcesBuildPhase;
			buildActionMask = 2147483647;
			files = (
				913EC69A2A6731D500EE43C8 /* ToDoList_2_0Tests.swift in Sources */,
			);
			runOnlyForDeploymentPostprocessing = 0;
		};
		913EC69B2A6731D500EE43C8 /* Sources */ = {
			isa = PBXSourcesBuildPhase;
			buildActionMask = 2147483647;
			files = (
				913EC6A62A6731D500EE43C8 /* ToDoList_2_0UITestsLaunchTests.swift in Sources */,
				913EC6A42A6731D500EE43C8 /* ToDoList_2_0UITests.swift in Sources */,
			);
			runOnlyForDeploymentPostprocessing = 0;
		};
/* End PBXSourcesBuildPhase section */

/* Begin PBXTargetDependency section */
		913EC6972A6731D500EE43C8 /* PBXTargetDependency */ = {
			isa = PBXTargetDependency;
			target = 913EC67E2A6731D400EE43C8 /* ToDoList_2.0 */;
			targetProxy = 913EC6962A6731D500EE43C8 /* PBXContainerItemProxy */;
		};
		913EC6A12A6731D500EE43C8 /* PBXTargetDependency */ = {
			isa = PBXTargetDependency;
			target = 913EC67E2A6731D400EE43C8 /* ToDoList_2.0 */;
			targetProxy = 913EC6A02A6731D500EE43C8 /* PBXContainerItemProxy */;
		};
/* End PBXTargetDependency section */

/* Begin PBXVariantGroup section */
		913EC6882A6731D400EE43C8 /* Main.storyboard */ = {
			isa = PBXVariantGroup;
			children = (
				913EC6892A6731D400EE43C8 /* Base */,
			);
			name = Main.storyboard;
			sourceTree = "<group>";
		};
		913EC68D2A6731D500EE43C8 /* LaunchScreen.storyboard */ = {
			isa = PBXVariantGroup;
			children = (
				913EC68E2A6731D500EE43C8 /* Base */,
			);
			name = LaunchScreen.storyboard;
			sourceTree = "<group>";
		};
/* End PBXVariantGroup section */

/* Begin XCBuildConfiguration section */
		913EC6A72A6731D500EE43C8 /* Debug */ = {
			isa = XCBuildConfiguration;
			buildSettings = {
				ALWAYS_SEARCH_USER_PATHS = NO;
				CLANG_ANALYZER_NONNULL = YES;
				CLANG_ANALYZER_NUMBER_OBJECT_CONVERSION = YES_AGGRESSIVE;
				CLANG_CXX_LANGUAGE_STANDARD = "gnu++20";
				CLANG_ENABLE_MODULES = YES;
				CLANG_ENABLE_OBJC_ARC = YES;
				CLANG_ENABLE_OBJC_WEAK = YES;
				CLANG_WARN_BLOCK_CAPTURE_AUTORELEASING = YES;
				CLANG_WARN_BOOL_CONVERSION = YES;
				CLANG_WARN_COMMA = YES;
				CLANG_WARN_CONSTANT_CONVERSION = YES;
				CLANG_WARN_DEPRECATED_OBJC_IMPLEMENTATIONS = YES;
				CLANG_WARN_DIRECT_OBJC_ISA_USAGE = YES_ERROR;
				CLANG_WARN_DOCUMENTATION_COMMENTS = YES;
				CLANG_WARN_EMPTY_BODY = YES;
				CLANG_WARN_ENUM_CONVERSION = YES;
				CLANG_WARN_INFINITE_RECURSION = YES;
				CLANG_WARN_INT_CONVERSION = YES;
				CLANG_WARN_NON_LITERAL_NULL_CONVERSION = YES;
				CLANG_WARN_OBJC_IMPLICIT_RETAIN_SELF = YES;
				CLANG_WARN_OBJC_LITERAL_CONVERSION = YES;
				CLANG_WARN_OBJC_ROOT_CLASS = YES_ERROR;
				CLANG_WARN_QUOTED_INCLUDE_IN_FRAMEWORK_HEADER = YES;
				CLANG_WARN_RANGE_LOOP_ANALYSIS = YES;
				CLANG_WARN_STRICT_PROTOTYPES = YES;
				CLANG_WARN_SUSPICIOUS_MOVE = YES;
				CLANG_WARN_UNGUARDED_AVAILABILITY = YES_AGGRESSIVE;
				CLANG_WARN_UNREACHABLE_CODE = YES;
				CLANG_WARN__DUPLICATE_METHOD_MATCH = YES;
				COPY_PHASE_STRIP = NO;
				DEBUG_INFORMATION_FORMAT = dwarf;
				ENABLE_STRICT_OBJC_MSGSEND = YES;
				ENABLE_TESTABILITY = YES;
				GCC_C_LANGUAGE_STANDARD = gnu11;
				GCC_DYNAMIC_NO_PIC = NO;
				GCC_NO_COMMON_BLOCKS = YES;
				GCC_OPTIMIZATION_LEVEL = 0;
				GCC_PREPROCESSOR_DEFINITIONS = (
					"DEBUG=1",
					"$(inherited)",
				);
				GCC_WARN_64_TO_32_BIT_CONVERSION = YES;
				GCC_WARN_ABOUT_RETURN_TYPE = YES_ERROR;
				GCC_WARN_UNDECLARED_SELECTOR = YES;
				GCC_WARN_UNINITIALIZED_AUTOS = YES_AGGRESSIVE;
				GCC_WARN_UNUSED_FUNCTION = YES;
				GCC_WARN_UNUSED_VARIABLE = YES;
				IPHONEOS_DEPLOYMENT_TARGET = 16.4;
				MTL_ENABLE_DEBUG_INFO = INCLUDE_SOURCE;
				MTL_FAST_MATH = YES;
				ONLY_ACTIVE_ARCH = YES;
				SDKROOT = iphoneos;
				SWIFT_ACTIVE_COMPILATION_CONDITIONS = DEBUG;
				SWIFT_OPTIMIZATION_LEVEL = "-Onone";
			};
			name = Debug;
		};
		913EC6A82A6731D500EE43C8 /* Release */ = {
			isa = XCBuildConfiguration;
			buildSettings = {
				ALWAYS_SEARCH_USER_PATHS = NO;
				CLANG_ANALYZER_NONNULL = YES;
				CLANG_ANALYZER_NUMBER_OBJECT_CONVERSION = YES_AGGRESSIVE;
				CLANG_CXX_LANGUAGE_STANDARD = "gnu++20";
				CLANG_ENABLE_MODULES = YES;
				CLANG_ENABLE_OBJC_ARC = YES;
				CLANG_ENABLE_OBJC_WEAK = YES;
				CLANG_WARN_BLOCK_CAPTURE_AUTORELEASING = YES;
				CLANG_WARN_BOOL_CONVERSION = YES;
				CLANG_WARN_COMMA = YES;
				CLANG_WARN_CONSTANT_CONVERSION = YES;
				CLANG_WARN_DEPRECATED_OBJC_IMPLEMENTATIONS = YES;
				CLANG_WARN_DIRECT_OBJC_ISA_USAGE = YES_ERROR;
				CLANG_WARN_DOCUMENTATION_COMMENTS = YES;
				CLANG_WARN_EMPTY_BODY = YES;
				CLANG_WARN_ENUM_CONVERSION = YES;
				CLANG_WARN_INFINITE_RECURSION = YES;
				CLANG_WARN_INT_CONVERSION = YES;
				CLANG_WARN_NON_LITERAL_NULL_CONVERSION = YES;
				CLANG_WARN_OBJC_IMPLICIT_RETAIN_SELF = YES;
				CLANG_WARN_OBJC_LITERAL_CONVERSION = YES;
				CLANG_WARN_OBJC_ROOT_CLASS = YES_ERROR;
				CLANG_WARN_QUOTED_INCLUDE_IN_FRAMEWORK_HEADER = YES;
				CLANG_WARN_RANGE_LOOP_ANALYSIS = YES;
				CLANG_WARN_STRICT_PROTOTYPES = YES;
				CLANG_WARN_SUSPICIOUS_MOVE = YES;
				CLANG_WARN_UNGUARDED_AVAILABILITY = YES_AGGRESSIVE;
				CLANG_WARN_UNREACHABLE_CODE = YES;
				CLANG_WARN__DUPLICATE_METHOD_MATCH = YES;
				COPY_PHASE_STRIP = NO;
				DEBUG_INFORMATION_FORMAT = "dwarf-with-dsym";
				ENABLE_NS_ASSERTIONS = NO;
				ENABLE_STRICT_OBJC_MSGSEND = YES;
				GCC_C_LANGUAGE_STANDARD = gnu11;
				GCC_NO_COMMON_BLOCKS = YES;
				GCC_WARN_64_TO_32_BIT_CONVERSION = YES;
				GCC_WARN_ABOUT_RETURN_TYPE = YES_ERROR;
				GCC_WARN_UNDECLARED_SELECTOR = YES;
				GCC_WARN_UNINITIALIZED_AUTOS = YES_AGGRESSIVE;
				GCC_WARN_UNUSED_FUNCTION = YES;
				GCC_WARN_UNUSED_VARIABLE = YES;
				IPHONEOS_DEPLOYMENT_TARGET = 16.4;
				MTL_ENABLE_DEBUG_INFO = NO;
				MTL_FAST_MATH = YES;
				SDKROOT = iphoneos;
				SWIFT_COMPILATION_MODE = wholemodule;
				SWIFT_OPTIMIZATION_LEVEL = "-O";
				VALIDATE_PRODUCT = YES;
			};
			name = Release;
		};
		913EC6AA2A6731D500EE43C8 /* Debug */ = {
			isa = XCBuildConfiguration;
			buildSettings = {
				ASSETCATALOG_COMPILER_APPICON_NAME = AppIcon;
				ASSETCATALOG_COMPILER_GLOBAL_ACCENT_COLOR_NAME = AccentColor;
				CODE_SIGN_STYLE = Automatic;
				CURRENT_PROJECT_VERSION = 1;
				GENERATE_INFOPLIST_FILE = YES;
				INFOPLIST_FILE = ToDoList_2.0/Info.plist;
				INFOPLIST_KEY_UIApplicationSupportsIndirectInputEvents = YES;
				INFOPLIST_KEY_UILaunchStoryboardName = LaunchScreen;
				INFOPLIST_KEY_UIMainStoryboardFile = Main;
				INFOPLIST_KEY_UISupportedInterfaceOrientations_iPad = "UIInterfaceOrientationPortrait UIInterfaceOrientationPortraitUpsideDown UIInterfaceOrientationLandscapeLeft UIInterfaceOrientationLandscapeRight";
				INFOPLIST_KEY_UISupportedInterfaceOrientations_iPhone = "UIInterfaceOrientationPortrait UIInterfaceOrientationLandscapeLeft UIInterfaceOrientationLandscapeRight";
				LD_RUNPATH_SEARCH_PATHS = (
					"$(inherited)",
					"@executable_path/Frameworks",
				);
				MARKETING_VERSION = 1.0;
				PRODUCT_BUNDLE_IDENTIFIER = "com.bzhemba.ToDoList-2-0";
				PRODUCT_NAME = "$(TARGET_NAME)";
				SWIFT_EMIT_LOC_STRINGS = YES;
				SWIFT_VERSION = 5.0;
				TARGETED_DEVICE_FAMILY = "1,2";
			};
			name = Debug;
		};
		913EC6AB2A6731D500EE43C8 /* Release */ = {
			isa = XCBuildConfiguration;
			buildSettings = {
				ASSETCATALOG_COMPILER_APPICON_NAME = AppIcon;
				ASSETCATALOG_COMPILER_GLOBAL_ACCENT_COLOR_NAME = AccentColor;
				CODE_SIGN_STYLE = Automatic;
				CURRENT_PROJECT_VERSION = 1;
				GENERATE_INFOPLIST_FILE = YES;
				INFOPLIST_FILE = ToDoList_2.0/Info.plist;
				INFOPLIST_KEY_UIApplicationSupportsIndirectInputEvents = YES;
				INFOPLIST_KEY_UILaunchStoryboardName = LaunchScreen;
				INFOPLIST_KEY_UIMainStoryboardFile = Main;
				INFOPLIST_KEY_UISupportedInterfaceOrientations_iPad = "UIInterfaceOrientationPortrait UIInterfaceOrientationPortraitUpsideDown UIInterfaceOrientationLandscapeLeft UIInterfaceOrientationLandscapeRight";
				INFOPLIST_KEY_UISupportedInterfaceOrientations_iPhone = "UIInterfaceOrientationPortrait UIInterfaceOrientationLandscapeLeft UIInterfaceOrientationLandscapeRight";
				LD_RUNPATH_SEARCH_PATHS = (
					"$(inherited)",
					"@executable_path/Frameworks",
				);
				MARKETING_VERSION = 1.0;
				PRODUCT_BUNDLE_IDENTIFIER = "com.bzhemba.ToDoList-2-0";
				PRODUCT_NAME = "$(TARGET_NAME)";
				SWIFT_EMIT_LOC_STRINGS = YES;
				SWIFT_VERSION = 5.0;
				TARGETED_DEVICE_FAMILY = "1,2";
			};
			name = Release;
		};
		913EC6AD2A6731D500EE43C8 /* Debug */ = {
			isa = XCBuildConfiguration;
			buildSettings = {
				ALWAYS_EMBED_SWIFT_STANDARD_LIBRARIES = YES;
				BUNDLE_LOADER = "$(TEST_HOST)";
				CODE_SIGN_STYLE = Automatic;
				CURRENT_PROJECT_VERSION = 1;
				GENERATE_INFOPLIST_FILE = YES;
				IPHONEOS_DEPLOYMENT_TARGET = 16.4;
				MARKETING_VERSION = 1.0;
				PRODUCT_BUNDLE_IDENTIFIER = "com.bzhemba.ToDoList-2-0Tests";
				PRODUCT_NAME = "$(TARGET_NAME)";
				SWIFT_EMIT_LOC_STRINGS = NO;
				SWIFT_VERSION = 5.0;
				TARGETED_DEVICE_FAMILY = "1,2";
				TEST_HOST = "$(BUILT_PRODUCTS_DIR)/ToDoList_2.0.app/$(BUNDLE_EXECUTABLE_FOLDER_PATH)/ToDoList_2.0";
			};
			name = Debug;
		};
		913EC6AE2A6731D500EE43C8 /* Release */ = {
			isa = XCBuildConfiguration;
			buildSettings = {
				ALWAYS_EMBED_SWIFT_STANDARD_LIBRARIES = YES;
				BUNDLE_LOADER = "$(TEST_HOST)";
				CODE_SIGN_STYLE = Automatic;
				CURRENT_PROJECT_VERSION = 1;
				GENERATE_INFOPLIST_FILE = YES;
				IPHONEOS_DEPLOYMENT_TARGET = 16.4;
				MARKETING_VERSION = 1.0;
				PRODUCT_BUNDLE_IDENTIFIER = "com.bzhemba.ToDoList-2-0Tests";
				PRODUCT_NAME = "$(TARGET_NAME)";
				SWIFT_EMIT_LOC_STRINGS = NO;
				SWIFT_VERSION = 5.0;
				TARGETED_DEVICE_FAMILY = "1,2";
				TEST_HOST = "$(BUILT_PRODUCTS_DIR)/ToDoList_2.0.app/$(BUNDLE_EXECUTABLE_FOLDER_PATH)/ToDoList_2.0";
			};
			name = Release;
		};
		913EC6B02A6731D500EE43C8 /* Debug */ = {
			isa = XCBuildConfiguration;
			buildSettings = {
				ALWAYS_EMBED_SWIFT_STANDARD_LIBRARIES = YES;
				CODE_SIGN_STYLE = Automatic;
				CURRENT_PROJECT_VERSION = 1;
				GENERATE_INFOPLIST_FILE = YES;
				MARKETING_VERSION = 1.0;
				PRODUCT_BUNDLE_IDENTIFIER = "com.bzhemba.ToDoList-2-0UITests";
				PRODUCT_NAME = "$(TARGET_NAME)";
				SWIFT_EMIT_LOC_STRINGS = NO;
				SWIFT_VERSION = 5.0;
				TARGETED_DEVICE_FAMILY = "1,2";
				TEST_TARGET_NAME = ToDoList_2.0;
			};
			name = Debug;
		};
		913EC6B12A6731D500EE43C8 /* Release */ = {
			isa = XCBuildConfiguration;
			buildSettings = {
				ALWAYS_EMBED_SWIFT_STANDARD_LIBRARIES = YES;
				CODE_SIGN_STYLE = Automatic;
				CURRENT_PROJECT_VERSION = 1;
				GENERATE_INFOPLIST_FILE = YES;
				MARKETING_VERSION = 1.0;
				PRODUCT_BUNDLE_IDENTIFIER = "com.bzhemba.ToDoList-2-0UITests";
				PRODUCT_NAME = "$(TARGET_NAME)";
				SWIFT_EMIT_LOC_STRINGS = NO;
				SWIFT_VERSION = 5.0;
				TARGETED_DEVICE_FAMILY = "1,2";
				TEST_TARGET_NAME = ToDoList_2.0;
			};
			name = Release;
		};
/* End XCBuildConfiguration section */

/* Begin XCConfigurationList section */
		913EC67A2A6731D400EE43C8 /* Build configuration list for PBXProject "ToDoList_2.0" */ = {
			isa = XCConfigurationList;
			buildConfigurations = (
				913EC6A72A6731D500EE43C8 /* Debug */,
				913EC6A82A6731D500EE43C8 /* Release */,
			);
			defaultConfigurationIsVisible = 0;
			defaultConfigurationName = Release;
		};
		913EC6A92A6731D500EE43C8 /* Build configuration list for PBXNativeTarget "ToDoList_2.0" */ = {
			isa = XCConfigurationList;
			buildConfigurations = (
				913EC6AA2A6731D500EE43C8 /* Debug */,
				913EC6AB2A6731D500EE43C8 /* Release */,
			);
			defaultConfigurationIsVisible = 0;
			defaultConfigurationName = Release;
		};
		913EC6AC2A6731D500EE43C8 /* Build configuration list for PBXNativeTarget "ToDoList_2.0Tests" */ = {
			isa = XCConfigurationList;
			buildConfigurations = (
				913EC6AD2A6731D500EE43C8 /* Debug */,
				913EC6AE2A6731D500EE43C8 /* Release */,
			);
			defaultConfigurationIsVisible = 0;
			defaultConfigurationName = Release;
		};
		913EC6AF2A6731D500EE43C8 /* Build configuration list for PBXNativeTarget "ToDoList_2.0UITests" */ = {
			isa = XCConfigurationList;
			buildConfigurations = (
				913EC6B02A6731D500EE43C8 /* Debug */,
				913EC6B12A6731D500EE43C8 /* Release */,
			);
			defaultConfigurationIsVisible = 0;
			defaultConfigurationName = Release;
		};
/* End XCConfigurationList section */
	};
	rootObject = 913EC6772A6731D400EE43C8 /* Project object */;
}
